{
  "originHash" : "0dff9553a2ce82c87e3d24858f64090301ae76db626e3a70f5da18c2360a15f2",
  "pins" : [
    {
      "identity" : "alamofire",
      "kind" : "remoteSourceControl",
      "location" : "https://github.com/Alamofire/Alamofire.git",
      "state" : {
        "revision" : "7595cbcf59809f9977c5f6378500de2ad73b7ddb",
        "version" : "5.12.0"
      }
    },
    {
      "identity" : "alamofireimage",
      "kind" : "remoteSourceControl",
      "location" : "https://github.com/Alamofire/AlamofireImage.git",
      "state" : {
        "revision" : "4cf73d601c482b7d77bae47de3ef1b8bcf328ec1",
        "version" : "4.4.0"
      }
    },
    {
      "identity" : "ftlinearactivityindicator",
      "kind" : "remoteSourceControl",
      "location" : "https://github.com/futuretap/FTLinearActivityIndicator.git",
      "state" : {
        "revision" : "52764c13cbceca291eae9f01c8dd612bb7369b71",
        "version" : "2.0.2"
      }
    },
    {
      "identity" : "reachability.swift",
      "kind" : "remoteSourceControl",
      "location" : "https://github.com/ashleymills/Reachability.swift.git",
      "state" : {
        "revision" : "21d1dc412cfecbe6e34f1f4c4eb88d3f912654a6",
        "version" : "5.2.4"
      }
    },
    {
      "identity" : "swiftmessages",
      "kind" : "remoteSourceControl",
      "location" : "https://github.com/SwiftKickMobile/SwiftMessages.git",
      "state" : {
        "revision" : "c0ff6c65bfc00e6a707957cb7069988c5cde2a30",
        "version" : "10.0.2"
      }
    }
  ],
  "version" : 3
}
